// !$*UTF8*$!
{
	archiveVersion = 1;
	classes = {
	};
	objectVersion = 50;
	objects = {

/* Begin PBXBuildFile section */
		8F725DEF2513393E005D2341 /* LoginView.swift in Sources */ = {isa = PBXBuildFile; fileRef = 8F725DEE2513393E005D2341 /* LoginView.swift */; };
		8FD0D9912510379C006966F7 /* AppDelegate.swift in Sources */ = {isa = PBXBuildFile; fileRef = 8FD0D9902510379C006966F7 /* AppDelegate.swift */; };
		8FD0D9932510379C006966F7 /* SceneDelegate.swift in Sources */ = {isa = PBXBuildFile; fileRef = 8FD0D9922510379C006966F7 /* SceneDelegate.swift */; };
		8FD0D9952510379C006966F7 /* IntroductoryView.swift in Sources */ = {isa = PBXBuildFile; fileRef = 8FD0D9942510379C006966F7 /* IntroductoryView.swift */; };
		8FD0D9972510379E006966F7 /* Assets.xcassets in Resources */ = {isa = PBXBuildFile; fileRef = 8FD0D9962510379E006966F7 /* Assets.xcassets */; };
		8FD0D99A2510379E006966F7 /* Preview Assets.xcassets in Resources */ = {isa = PBXBuildFile; fileRef = 8FD0D9992510379E006966F7 /* Preview Assets.xcassets */; };
		8FD0D99D2510379E006966F7 /* LaunchScreen.storyboard in Resources */ = {isa = PBXBuildFile; fileRef = 8FD0D99B2510379E006966F7 /* LaunchScreen.storyboard */; };
		8FD0D9A82510379E006966F7 /* MunchiesTogetherTests.swift in Sources */ = {isa = PBXBuildFile; fileRef = 8FD0D9A72510379E006966F7 /* MunchiesTogetherTests.swift */; };
		8FD0D9B32510379E006966F7 /* MunchiesTogetherUITests.swift in Sources */ = {isa = PBXBuildFile; fileRef = 8FD0D9B22510379E006966F7 /* MunchiesTogetherUITests.swift */; };
/* End PBXBuildFile section */

/* Begin PBXContainerItemProxy section */
		8FD0D9A42510379E006966F7 /* PBXContainerItemProxy */ = {
			isa = PBXContainerItemProxy;
			containerPortal = 8FD0D9852510379C006966F7 /* Project object */;
			proxyType = 1;
			remoteGlobalIDString = 8FD0D98C2510379C006966F7;
			remoteInfo = MunchiesTogether;
		};
		8FD0D9AF2510379E006966F7 /* PBXContainerItemProxy */ = {
			isa = PBXContainerItemProxy;
			containerPortal = 8FD0D9852510379C006966F7 /* Project object */;
			proxyType = 1;
			remoteGlobalIDString = 8FD0D98C2510379C006966F7;
			remoteInfo = MunchiesTogether;
		};
/* End PBXContainerItemProxy section */

/* Begin PBXFileReference section */
		8F725DEE2513393E005D2341 /* LoginView.swift */ = {isa = PBXFileReference; lastKnownFileType = sourcecode.swift; path = LoginView.swift; sourceTree = "<group>"; };
		8FD0D98D2510379C006966F7 /* MunchiesTogether.app */ = {isa = PBXFileReference; explicitFileType = wrapper.application; includeInIndex = 0; path = MunchiesTogether.app; sourceTree = BUILT_PRODUCTS_DIR; };
		8FD0D9902510379C006966F7 /* AppDelegate.swift */ = {isa = PBXFileReference; lastKnownFileType = sourcecode.swift; path = AppDelegate.swift; sourceTree = "<group>"; };
		8FD0D9922510379C006966F7 /* SceneDelegate.swift */ = {isa = PBXFileReference; lastKnownFileType = sourcecode.swift; path = SceneDelegate.swift; sourceTree = "<group>"; };
		8FD0D9942510379C006966F7 /* IntroductoryView.swift */ = {isa = PBXFileReference; lastKnownFileType = sourcecode.swift; path = IntroductoryView.swift; sourceTree = "<group>"; };
		8FD0D9962510379E006966F7 /* Assets.xcassets */ = {isa = PBXFileReference; lastKnownFileType = folder.assetcatalog; path = Assets.xcassets; sourceTree = "<group>"; };
		8FD0D9992510379E006966F7 /* Preview Assets.xcassets */ = {isa = PBXFileReference; lastKnownFileType = folder.assetcatalog; path = "Preview Assets.xcassets"; sourceTree = "<group>"; };
		8FD0D99C2510379E006966F7 /* Base */ = {isa = PBXFileReference; lastKnownFileType = file.storyboard; name = Base; path = Base.lproj/LaunchScreen.storyboard; sourceTree = "<group>"; };
		8FD0D99E2510379E006966F7 /* Info.plist */ = {isa = PBXFileReference; lastKnownFileType = text.plist.xml; path = Info.plist; sourceTree = "<group>"; };
		8FD0D9A32510379E006966F7 /* MunchiesTogetherTests.xctest */ = {isa = PBXFileReference; explicitFileType = wrapper.cfbundle; includeInIndex = 0; path = MunchiesTogetherTests.xctest; sourceTree = BUILT_PRODUCTS_DIR; };
		8FD0D9A72510379E006966F7 /* MunchiesTogetherTests.swift */ = {isa = PBXFileReference; lastKnownFileType = sourcecode.swift; path = MunchiesTogetherTests.swift; sourceTree = "<group>"; };
		8FD0D9A92510379E006966F7 /* Info.plist */ = {isa = PBXFileReference; lastKnownFileType = text.plist.xml; path = Info.plist; sourceTree = "<group>"; };
		8FD0D9AE2510379E006966F7 /* MunchiesTogetherUITests.xctest */ = {isa = PBXFileReference; explicitFileType = wrapper.cfbundle; includeInIndex = 0; path = MunchiesTogetherUITests.xctest; sourceTree = BUILT_PRODUCTS_DIR; };
		8FD0D9B22510379E006966F7 /* MunchiesTogetherUITests.swift */ = {isa = PBXFileReference; lastKnownFileType = sourcecode.swift; path = MunchiesTogetherUITests.swift; sourceTree = "<group>"; };
		8FD0D9B42510379E006966F7 /* Info.plist */ = {isa = PBXFileReference; lastKnownFileType = text.plist.xml; path = Info.plist; sourceTree = "<group>"; };
/* End PBXFileReference section */

/* Begin PBXFrameworksBuildPhase section */
		8FD0D98A2510379C006966F7 /* Frameworks */ = {
			isa = PBXFrameworksBuildPhase;
			buildActionMask = 2147483647;
			files = (
			);
			runOnlyForDeploymentPostprocessing = 0;
		};
		8FD0D9A02510379E006966F7 /* Frameworks */ = {
			isa = PBXFrameworksBuildPhase;
			buildActionMask = 2147483647;
			files = (
			);
			runOnlyForDeploymentPostprocessing = 0;
		};
		8FD0D9AB2510379E006966F7 /* Frameworks */ = {
			isa = PBXFrameworksBuildPhase;
			buildActionMask = 2147483647;
			files = (
			);
			runOnlyForDeploymentPostprocessing = 0;
		};
/* End PBXFrameworksBuildPhase section */

/* Begin PBXGroup section */
		8FD0D9842510379C006966F7 = {
			isa = PBXGroup;
			children = (
				8FD0D98F2510379C006966F7 /* MunchiesTogether */,
				8FD0D9A62510379E006966F7 /* MunchiesTogetherTests */,
				8FD0D9B12510379E006966F7 /* MunchiesTogetherUITests */,
				8FD0D98E2510379C006966F7 /* Products */,
			);
			sourceTree = "<group>";
		};
		8FD0D98E2510379C006966F7 /* Products */ = {
			isa = PBXGroup;
			children = (
				8FD0D98D2510379C006966F7 /* MunchiesTogether.app */,
				8FD0D9A32510379E006966F7 /* MunchiesTogetherTests.xctest */,
				8FD0D9AE2510379E006966F7 /* MunchiesTogetherUITests.xctest */,
			);
			name = Products;
			sourceTree = "<group>";
		};
		8FD0D98F2510379C006966F7 /* MunchiesTogether */ = {
			isa = PBXGroup;
			children = (
				8FD0D9902510379C006966F7 /* AppDelegate.swift */,
				8FD0D9922510379C006966F7 /* SceneDelegate.swift */,
				8FD0D9942510379C006966F7 /* IntroductoryView.swift */,
				8F725DEE2513393E005D2341 /* LoginView.swift */,
				8FD0D9962510379E006966F7 /* Assets.xcassets */,
				8FD0D99B2510379E006966F7 /* LaunchScreen.storyboard */,
				8FD0D99E2510379E006966F7 /* Info.plist */,
				8FD0D9982510379E006966F7 /* Preview Content */,
			);
			path = MunchiesTogether;
			sourceTree = "<group>";
		};
		8FD0D9982510379E006966F7 /* Preview Content */ = {
			isa = PBXGroup;
			children = (
				8FD0D9992510379E006966F7 /* Preview Assets.xcassets */,
			);
			path = "Preview Content";
			sourceTree = "<group>";
		};
		8FD0D9A62510379E006966F7 /* MunchiesTogetherTests */ = {
			isa = PBXGroup;
			children = (
				8FD0D9A72510379E006966F7 /* MunchiesTogetherTests.swift */,
				8FD0D9A92510379E006966F7 /* Info.plist */,
			);
			path = MunchiesTogetherTests;
			sourceTree = "<group>";
		};
		8FD0D9B12510379E006966F7 /* MunchiesTogetherUITests */ = {
			isa = PBXGroup;
			children = (
				8FD0D9B22510379E006966F7 /* MunchiesTogetherUITests.swift */,
				8FD0D9B42510379E006966F7 /* Info.plist */,
			);
			path = MunchiesTogetherUITests;
			sourceTree = "<group>";
		};
/* End PBXGroup section */

/* Begin PBXNativeTarget section */
		8FD0D98C2510379C006966F7 /* MunchiesTogether */ = {
			isa = PBXNativeTarget;
			buildConfigurationList = 8FD0D9B72510379E006966F7 /* Build configuration list for PBXNativeTarget "MunchiesTogether" */;
			buildPhases = (
				8FD0D9892510379C006966F7 /* Sources */,
				8FD0D98A2510379C006966F7 /* Frameworks */,
				8FD0D98B2510379C006966F7 /* Resources */,
			);
			buildRules = (
			);
			dependencies = (
			);
			name = MunchiesTogether;
			productName = MunchiesTogether;
			productReference = 8FD0D98D2510379C006966F7 /* MunchiesTogether.app */;
			productType = "com.apple.product-type.application";
		};
		8FD0D9A22510379E006966F7 /* MunchiesTogetherTests */ = {
			isa = PBXNativeTarget;
			buildConfigurationList = 8FD0D9BA2510379E006966F7 /* Build configuration list for PBXNativeTarget "MunchiesTogetherTests" */;
			buildPhases = (
				8FD0D99F2510379E006966F7 /* Sources */,
				8FD0D9A02510379E006966F7 /* Frameworks */,
				8FD0D9A12510379E006966F7 /* Resources */,
			);
			buildRules = (
			);
			dependencies = (
				8FD0D9A52510379E006966F7 /* PBXTargetDependency */,
			);
			name = MunchiesTogetherTests;
			productName = MunchiesTogetherTests;
			productReference = 8FD0D9A32510379E006966F7 /* MunchiesTogetherTests.xctest */;
			productType = "com.apple.product-type.bundle.unit-test";
		};
		8FD0D9AD2510379E006966F7 /* MunchiesTogetherUITests */ = {
			isa = PBXNativeTarget;
			buildConfigurationList = 8FD0D9BD2510379E006966F7 /* Build configuration list for PBXNativeTarget "MunchiesTogetherUITests" */;
			buildPhases = (
				8FD0D9AA2510379E006966F7 /* Sources */,
				8FD0D9AB2510379E006966F7 /* Frameworks */,
				8FD0D9AC2510379E006966F7 /* Resources */,
			);
			buildRules = (
			);
			dependencies = (
				8FD0D9B02510379E006966F7 /* PBXTargetDependency */,
			);
			name = MunchiesTogetherUITests;
			productName = MunchiesTogetherUITests;
			productReference = 8FD0D9AE2510379E006966F7 /* MunchiesTogetherUITests.xctest */;
			productType = "com.apple.product-type.bundle.ui-testing";
		};
/* End PBXNativeTarget section */

/* Begin PBXProject section */
		8FD0D9852510379C006966F7 /* Project object */ = {
			isa = PBXProject;
			attributes = {
				LastSwiftUpdateCheck = 1160;
				LastUpgradeCheck = 1200;
				ORGANIZATIONNAME = "Aziz Zaynutdinov";
				TargetAttributes = {
					8FD0D98C2510379C006966F7 = {
						CreatedOnToolsVersion = 11.6;
					};
					8FD0D9A22510379E006966F7 = {
						CreatedOnToolsVersion = 11.6;
						TestTargetID = 8FD0D98C2510379C006966F7;
					};
					8FD0D9AD2510379E006966F7 = {
						CreatedOnToolsVersion = 11.6;
						TestTargetID = 8FD0D98C2510379C006966F7;
					};
				};
			};
			buildConfigurationList = 8FD0D9882510379C006966F7 /* Build configuration list for PBXProject "MunchiesTogether" */;
			compatibilityVersion = "Xcode 9.3";
			developmentRegion = en;
			hasScannedForEncodings = 0;
			knownRegions = (
				en,
				Base,
			);
			mainGroup = 8FD0D9842510379C006966F7;
			productRefGroup = 8FD0D98E2510379C006966F7 /* Products */;
			projectDirPath = "";
			projectRoot = "";
			targets = (
				8FD0D98C2510379C006966F7 /* MunchiesTogether */,
				8FD0D9A22510379E006966F7 /* MunchiesTogetherTests */,
				8FD0D9AD2510379E006966F7 /* MunchiesTogetherUITests */,
			);
		};
/* End PBXProject section */

/* Begin PBXResourcesBuildPhase section */
		8FD0D98B2510379C006966F7 /* Resources */ = {
			isa = PBXResourcesBuildPhase;
			buildActionMask = 2147483647;
			files = (
				8FD0D99D2510379E006966F7 /* LaunchScreen.storyboard in Resources */,
				8FD0D99A2510379E006966F7 /* Preview Assets.xcassets in Resources */,
				8FD0D9972510379E006966F7 /* Assets.xcassets in Resources */,
			);
			runOnlyForDeploymentPostprocessing = 0;
		};
		8FD0D9A12510379E006966F7 /* Resources */ = {
			isa = PBXResourcesBuildPhase;
			buildActionMask = 2147483647;
			files = (
			);
			runOnlyForDeploymentPostprocessing = 0;
		};
		8FD0D9AC2510379E006966F7 /* Resources */ = {
			isa = PBXResourcesBuildPhase;
			buildActionMask = 2147483647;
			files = (
			);
			runOnlyForDeploymentPostprocessing = 0;
		};
/* End PBXResourcesBuildPhase section */

/* Begin PBXSourcesBuildPhase section */
		8FD0D9892510379C006966F7 /* Sources */ = {
			isa = PBXSourcesBuildPhase;
			buildActionMask = 2147483647;
			files = (
				8FD0D9912510379C006966F7 /* AppDelegate.swift in Sources */,
				8F725DEF2513393E005D2341 /* LoginView.swift in Sources */,
				8FD0D9932510379C006966F7 /* SceneDelegate.swift in Sources */,
				8FD0D9952510379C006966F7 /* IntroductoryView.swift in Sources */,
			);
			runOnlyForDeploymentPostprocessing = 0;
		};
		8FD0D99F2510379E006966F7 /* Sources */ = {
			isa = PBXSourcesBuildPhase;
			buildActionMask = 2147483647;
			files = (
				8FD0D9A82510379E006966F7 /* MunchiesTogetherTests.swift in Sources */,
			);
			runOnlyForDeploymentPostprocessing = 0;
		};
		8FD0D9AA2510379E006966F7 /* Sources */ = {
			isa = PBXSourcesBuildPhase;
			buildActionMask = 2147483647;
			files = (
				8FD0D9B32510379E006966F7 /* MunchiesTogetherUITests.swift in Sources */,
			);
			runOnlyForDeploymentPostprocessing = 0;
		};
/* End PBXSourcesBuildPhase section */

/* Begin PBXTargetDependency section */
		8FD0D9A52510379E006966F7 /* PBXTargetDependency */ = {
			isa = PBXTargetDependency;
			target = 8FD0D98C2510379C006966F7 /* MunchiesTogether */;
			targetProxy = 8FD0D9A42510379E006966F7 /* PBXContainerItemProxy */;
		};
		8FD0D9B02510379E006966F7 /* PBXTargetDependency */ = {
			isa = PBXTargetDependency;
			target = 8FD0D98C2510379C006966F7 /* MunchiesTogether */;
			targetProxy = 8FD0D9AF2510379E006966F7 /* PBXContainerItemProxy */;
		};
/* End PBXTargetDependency section */

/* Begin PBXVariantGroup section */
		8FD0D99B2510379E006966F7 /* LaunchScreen.storyboard */ = {
			isa = PBXVariantGroup;
			children = (
				8FD0D99C2510379E006966F7 /* Base */,
			);
			name = LaunchScreen.storyboard;
			sourceTree = "<group>";
		};
/* End PBXVariantGroup section */

/* Begin XCBuildConfiguration section */
		8FD0D9B52510379E006966F7 /* Debug */ = {
			isa = XCBuildConfiguration;
			buildSettings = {
				ALWAYS_SEARCH_USER_PATHS = NO;
				CLANG_ANALYZER_NONNULL = YES;
				CLANG_ANALYZER_NUMBER_OBJECT_CONVERSION = YES_AGGRESSIVE;
				CLANG_CXX_LANGUAGE_STANDARD = "gnu++14";
				CLANG_CXX_LIBRARY = "libc++";
				CLANG_ENABLE_MODULES = YES;
				CLANG_ENABLE_OBJC_ARC = YES;
				CLANG_ENABLE_OBJC_WEAK = YES;
				CLANG_WARN_BLOCK_CAPTURE_AUTORELEASING = YES;
				CLANG_WARN_BOOL_CONVERSION = YES;
				CLANG_WARN_COMMA = YES;
				CLANG_WARN_CONSTANT_CONVERSION = YES;
				CLANG_WARN_DEPRECATED_OBJC_IMPLEMENTATIONS = YES;
				CLANG_WARN_DIRECT_OBJC_ISA_USAGE = YES_ERROR;
				CLANG_WARN_DOCUMENTATION_COMMENTS = YES;
				CLANG_WARN_EMPTY_BODY = YES;
				CLANG_WARN_ENUM_CONVERSION = YES;
				CLANG_WARN_INFINITE_RECURSION = YES;
				CLANG_WARN_INT_CONVERSION = YES;
				CLANG_WARN_NON_LITERAL_NULL_CONVERSION = YES;
				CLANG_WARN_OBJC_IMPLICIT_RETAIN_SELF = YES;
				CLANG_WARN_OBJC_LITERAL_CONVERSION = YES;
				CLANG_WARN_OBJC_ROOT_CLASS = YES_ERROR;
				CLANG_WARN_QUOTED_INCLUDE_IN_FRAMEWORK_HEADER = YES;
				CLANG_WARN_RANGE_LOOP_ANALYSIS = YES;
				CLANG_WARN_STRICT_PROTOTYPES = YES;
				CLANG_WARN_SUSPICIOUS_MOVE = YES;
				CLANG_WARN_UNGUARDED_AVAILABILITY = YES_AGGRESSIVE;
				CLANG_WARN_UNREACHABLE_CODE = YES;
				CLANG_WARN__DUPLICATE_METHOD_MATCH = YES;
				COPY_PHASE_STRIP = NO;
				DEBUG_INFORMATION_FORMAT = dwarf;
				ENABLE_STRICT_OBJC_MSGSEND = YES;
				ENABLE_TESTABILITY = YES;
				GCC_C_LANGUAGE_STANDARD = gnu11;
				GCC_DYNAMIC_NO_PIC = NO;
				GCC_NO_COMMON_BLOCKS = YES;
				GCC_OPTIMIZATION_LEVEL = 0;
				GCC_PREPROCESSOR_DEFINITIONS = (
					"DEBUG=1",
					"$(inherited)",
				);
				GCC_WARN_64_TO_32_BIT_CONVERSION = YES;
				GCC_WARN_ABOUT_RETURN_TYPE = YES_ERROR;
				GCC_WARN_UNDECLARED_SELECTOR = YES;
				GCC_WARN_UNINITIALIZED_AUTOS = YES_AGGRESSIVE;
				GCC_WARN_UNUSED_FUNCTION = YES;
				GCC_WARN_UNUSED_VARIABLE = YES;
				IPHONEOS_DEPLOYMENT_TARGET = 13.6;
				MTL_ENABLE_DEBUG_INFO = INCLUDE_SOURCE;
				MTL_FAST_MATH = YES;
				ONLY_ACTIVE_ARCH = YES;
				SDKROOT = iphoneos;
				SWIFT_ACTIVE_COMPILATION_CONDITIONS = DEBUG;
				SWIFT_OPTIMIZATION_LEVEL = "-Onone";
				TARGETED_DEVICE_FAMILY = 2;
			};
			name = Debug;
		};
		8FD0D9B62510379E006966F7 /* Release */ = {
			isa = XCBuildConfiguration;
			buildSettings = {
				ALWAYS_SEARCH_USER_PATHS = NO;
				CLANG_ANALYZER_NONNULL = YES;
				CLANG_ANALYZER_NUMBER_OBJECT_CONVERSION = YES_AGGRESSIVE;
				CLANG_CXX_LANGUAGE_STANDARD = "gnu++14";
				CLANG_CXX_LIBRARY = "libc++";
				CLANG_ENABLE_MODULES = YES;
				CLANG_ENABLE_OBJC_ARC = YES;
				CLANG_ENABLE_OBJC_WEAK = YES;
				CLANG_WARN_BLOCK_CAPTURE_AUTORELEASING = YES;
				CLANG_WARN_BOOL_CONVERSION = YES;
				CLANG_WARN_COMMA = YES;
				CLANG_WARN_CONSTANT_CONVERSION = YES;
				CLANG_WARN_DEPRECATED_OBJC_IMPLEMENTATIONS = YES;
				CLANG_WARN_DIRECT_OBJC_ISA_USAGE = YES_ERROR;
				CLANG_WARN_DOCUMENTATION_COMMENTS = YES;
				CLANG_WARN_EMPTY_BODY = YES;
				CLANG_WARN_ENUM_CONVERSION = YES;
				CLANG_WARN_INFINITE_RECURSION = YES;
				CLANG_WARN_INT_CONVERSION = YES;
				CLANG_WARN_NON_LITERAL_NULL_CONVERSION = YES;
				CLANG_WARN_OBJC_IMPLICIT_RETAIN_SELF = YES;
				CLANG_WARN_OBJC_LITERAL_CONVERSION = YES;
				CLANG_WARN_OBJC_ROOT_CLASS = YES_ERROR;
				CLANG_WARN_QUOTED_INCLUDE_IN_FRAMEWORK_HEADER = YES;
				CLANG_WARN_RANGE_LOOP_ANALYSIS = YES;
				CLANG_WARN_STRICT_PROTOTYPES = YES;
				CLANG_WARN_SUSPICIOUS_MOVE = YES;
				CLANG_WARN_UNGUARDED_AVAILABILITY = YES_AGGRESSIVE;
				CLANG_WARN_UNREACHABLE_CODE = YES;
				CLANG_WARN__DUPLICATE_METHOD_MATCH = YES;
				COPY_PHASE_STRIP = NO;
				DEBUG_INFORMATION_FORMAT = "dwarf-with-dsym";
				ENABLE_NS_ASSERTIONS = NO;
				ENABLE_STRICT_OBJC_MSGSEND = YES;
				GCC_C_LANGUAGE_STANDARD = gnu11;
				GCC_NO_COMMON_BLOCKS = YES;
				GCC_WARN_64_TO_32_BIT_CONVERSION = YES;
				GCC_WARN_ABOUT_RETURN_TYPE = YES_ERROR;
				GCC_WARN_UNDECLARED_SELECTOR = YES;
				GCC_WARN_UNINITIALIZED_AUTOS = YES_AGGRESSIVE;
				GCC_WARN_UNUSED_FUNCTION = YES;
				GCC_WARN_UNUSED_VARIABLE = YES;
				IPHONEOS_DEPLOYMENT_TARGET = 13.6;
				MTL_ENABLE_DEBUG_INFO = NO;
				MTL_FAST_MATH = YES;
				SDKROOT = iphoneos;
				SWIFT_COMPILATION_MODE = wholemodule;
				SWIFT_OPTIMIZATION_LEVEL = "-O";
				TARGETED_DEVICE_FAMILY = 2;
				VALIDATE_PRODUCT = YES;
			};
			name = Release;
		};
		8FD0D9B82510379E006966F7 /* Debug */ = {
			isa = XCBuildConfiguration;
			buildSettings = {
				ASSETCATALOG_COMPILER_APPICON_NAME = AppIcon;
				CODE_SIGN_STYLE = Automatic;
				DEVELOPMENT_ASSET_PATHS = "\"MunchiesTogether/Preview Content\"";
				DEVELOPMENT_TEAM = MM934V475K;
				ENABLE_PREVIEWS = YES;
				INFOPLIST_FILE = MunchiesTogether/Info.plist;
				LD_RUNPATH_SEARCH_PATHS = (
					"$(inherited)",
					"@executable_path/Frameworks",
				);
				PRODUCT_BUNDLE_IDENTIFIER = aziz.zaynutdinov.MunchiesTogether;
				PRODUCT_NAME = "$(TARGET_NAME)";
				SWIFT_VERSION = 5.0;
				TARGETED_DEVICE_FAMILY = 1;
			};
			name = Debug;
		};
		8FD0D9B92510379E006966F7 /* Release */ = {
			isa = XCBuildConfiguration;
			buildSettings = {
				ASSETCATALOG_COMPILER_APPICON_NAME = AppIcon;
				CODE_SIGN_STYLE = Automatic;
				DEVELOPMENT_ASSET_PATHS = "\"MunchiesTogether/Preview Content\"";
				DEVELOPMENT_TEAM = MM934V475K;
				ENABLE_PREVIEWS = YES;
				INFOPLIST_FILE = MunchiesTogether/Info.plist;
				LD_RUNPATH_SEARCH_PATHS = (
					"$(inherited)",
					"@executable_path/Frameworks",
				);
				PRODUCT_BUNDLE_IDENTIFIER = aziz.zaynutdinov.MunchiesTogether;
				PRODUCT_NAME = "$(TARGET_NAME)";
				SWIFT_VERSION = 5.0;
				TARGETED_DEVICE_FAMILY = 1;
			};
			name = Release;
		};
		8FD0D9BB2510379E006966F7 /* Debug */ = {
			isa = XCBuildConfiguration;
			buildSettings = {
				ALWAYS_EMBED_SWIFT_STANDARD_LIBRARIES = YES;
				BUNDLE_LOADER = "$(TEST_HOST)";
				CODE_SIGN_STYLE = Automatic;
				DEVELOPMENT_TEAM = MM934V475K;
				INFOPLIST_FILE = MunchiesTogetherTests/Info.plist;
				IPHONEOS_DEPLOYMENT_TARGET = 13.6;
				LD_RUNPATH_SEARCH_PATHS = (
					"$(inherited)",
					"@executable_path/Frameworks",
					"@loader_path/Frameworks",
				);
				PRODUCT_BUNDLE_IDENTIFIER = aziz.zaynutdinov.MunchiesTogetherTests;
				PRODUCT_NAME = "$(TARGET_NAME)";
				SWIFT_VERSION = 5.0;
				TARGETED_DEVICE_FAMILY = "1,2";
				TEST_HOST = "$(BUILT_PRODUCTS_DIR)/MunchiesTogether.app/MunchiesTogether";
			};
			name = Debug;
		};
		8FD0D9BC2510379E006966F7 /* Release */ = {
			isa = XCBuildConfiguration;
			buildSettings = {
				ALWAYS_EMBED_SWIFT_STANDARD_LIBRARIES = YES;
				BUNDLE_LOADER = "$(TEST_HOST)";
				CODE_SIGN_STYLE = Automatic;
				DEVELOPMENT_TEAM = MM934V475K;
				INFOPLIST_FILE = MunchiesTogetherTests/Info.plist;
				IPHONEOS_DEPLOYMENT_TARGET = 13.6;
				LD_RUNPATH_SEARCH_PATHS = (
					"$(inherited)",
					"@executable_path/Frameworks",
					"@loader_path/Frameworks",
				);
				PRODUCT_BUNDLE_IDENTIFIER = aziz.zaynutdinov.MunchiesTogetherTests;
				PRODUCT_NAME = "$(TARGET_NAME)";
				SWIFT_VERSION = 5.0;
				TARGETED_DEVICE_FAMILY = "1,2";
				TEST_HOST = "$(BUILT_PRODUCTS_DIR)/MunchiesTogether.app/MunchiesTogether";
			};
			name = Release;
		};
		8FD0D9BE2510379E006966F7 /* Debug */ = {
			isa = XCBuildConfiguration;
			buildSettings = {
				ALWAYS_EMBED_SWIFT_STANDARD_LIBRARIES = YES;
				CODE_SIGN_STYLE = Automatic;
				DEVELOPMENT_TEAM = MM934V475K;
				INFOPLIST_FILE = MunchiesTogetherUITests/Info.plist;
				LD_RUNPATH_SEARCH_PATHS = (
					"$(inherited)",
					"@executable_path/Frameworks",
					"@loader_path/Frameworks",
				);
				PRODUCT_BUNDLE_IDENTIFIER = aziz.zaynutdinov.MunchiesTogetherUITests;
				PRODUCT_NAME = "$(TARGET_NAME)";
				SWIFT_VERSION = 5.0;
				TARGETED_DEVICE_FAMILY = "1,2";
				TEST_TARGET_NAME = MunchiesTogether;
			};
			name = Debug;
		};
		8FD0D9BF2510379E006966F7 /* Release */ = {
			isa = XCBuildConfiguration;
			buildSettings = {
				ALWAYS_EMBED_SWIFT_STANDARD_LIBRARIES = YES;
				CODE_SIGN_STYLE = Automatic;
				DEVELOPMENT_TEAM = MM934V475K;
				INFOPLIST_FILE = MunchiesTogetherUITests/Info.plist;
				LD_RUNPATH_SEARCH_PATHS = (
					"$(inherited)",
					"@executable_path/Frameworks",
					"@loader_path/Frameworks",
				);
				PRODUCT_BUNDLE_IDENTIFIER = aziz.zaynutdinov.MunchiesTogetherUITests;
				PRODUCT_NAME = "$(TARGET_NAME)";
				SWIFT_VERSION = 5.0;
				TARGETED_DEVICE_FAMILY = "1,2";
				TEST_TARGET_NAME = MunchiesTogether;
			};
			name = Release;
		};
/* End XCBuildConfiguration section */

/* Begin XCConfigurationList section */
		8FD0D9882510379C006966F7 /* Build configuration list for PBXProject "MunchiesTogether" */ = {
			isa = XCConfigurationList;
			buildConfigurations = (
				8FD0D9B52510379E006966F7 /* Debug */,
				8FD0D9B62510379E006966F7 /* Release */,
			);
			defaultConfigurationIsVisible = 0;
			defaultConfigurationName = Release;
		};
		8FD0D9B72510379E006966F7 /* Build configuration list for PBXNativeTarget "MunchiesTogether" */ = {
			isa = XCConfigurationList;
			buildConfigurations = (
				8FD0D9B82510379E006966F7 /* Debug */,
				8FD0D9B92510379E006966F7 /* Release */,
			);
			defaultConfigurationIsVisible = 0;
			defaultConfigurationName = Release;
		};
		8FD0D9BA2510379E006966F7 /* Build configuration list for PBXNativeTarget "MunchiesTogetherTests" */ = {
			isa = XCConfigurationList;
			buildConfigurations = (
				8FD0D9BB2510379E006966F7 /* Debug */,
				8FD0D9BC2510379E006966F7 /* Release */,
			);
			defaultConfigurationIsVisible = 0;
			defaultConfigurationName = Release;
		};
		8FD0D9BD2510379E006966F7 /* Build configuration list for PBXNativeTarget "MunchiesTogetherUITests" */ = {
			isa = XCConfigurationList;
			buildConfigurations = (
				8FD0D9BE2510379E006966F7 /* Debug */,
				8FD0D9BF2510379E006966F7 /* Release */,
			);
			defaultConfigurationIsVisible = 0;
			defaultConfigurationName = Release;
		};
/* End XCConfigurationList section */
	};
	rootObject = 8FD0D9852510379C006966F7 /* Project object */;
}
